
Microsoft Visual Studio Solution File, Format Version 12.00
# Visual Studio Version 17
VisualStudioVersion = 17.8.34525.116
MinimumVisualStudioVersion = 10.0.40219.1
Project("{FAE04EC0-301F-11D3-BF4B-00C04F79EFBC}") = "LocalChat.UI", "LocalChat.UI\LocalChat.UI.csproj", "{27127171-FD13-4A59-BFAE-957A480AEF0C}"
EndProject
Global
	GlobalSection(SolutionConfigurationPlatforms) = preSolution
		Debug|Any CPU = Debug|Any CPU
		Release|Any CPU = Release|Any CPU
	EndGlobalSection
	GlobalSection(ProjectConfigurationPlatforms) = postSolution
		{27127171-FD13-4A59-BFAE-957A480AEF0C}.Debug|Any CPU.ActiveCfg = Debug|Any CPU
		{27127171-FD13-4A59-BFAE-957A480AEF0C}.Debug|Any CPU.Build.0 = Debug|Any CPU
		{27127171-FD13-4A59-BFAE-957A480AEF0C}.Release|Any CPU.ActiveCfg = Release|Any CPU
		{27127171-FD13-4A59-BFAE-957A480AEF0C}.Release|Any CPU.Build.0 = Release|Any CPU
	EndGlobalSection
	GlobalSection(SolutionProperties) = preSolution
		HideSolutionNode = FALSE
	EndGlobalSection
	GlobalSection(ExtensibilityGlobals) = postSolution
		SolutionGuid = {CCA826E1-7E2D-4EC6-819F-5539C0FAFDB6}
	EndGlobalSection
EndGlobal
