
Microsoft Visual Studio Solution File, Format Version 12.00
# Visual Studio Version 17
VisualStudioVersion = 17.8.34525.116
MinimumVisualStudioVersion = 10.0.40219.1
Project("{FAE04EC0-301F-11D3-BF4B-00C04F79EFBC}") = "LocalChat.Core", "LocalChat.Core\LocalChat.Core.csproj", "{47044A65-350D-4A8F-8501-8B2BE59E4129}"
EndProject
Project("{FAE04EC0-301F-11D3-BF4B-00C04F79EFBC}") = "LocalChat.Repository", "LocalChat.Repository\LocalChat.Repository.csproj", "{B91DD64F-F42E-46BD-B3F3-C89EA2225B58}"
EndProject
Project("{FAE04EC0-301F-11D3-BF4B-00C04F79EFBC}") = "LocalChat.UI", "LocalChat.UI\LocalChat.UI.csproj", "{F3344536-5311-45F2-BA1D-14F881A41E25}"
EndProject
Global
	GlobalSection(SolutionConfigurationPlatforms) = preSolution
		Debug|Any CPU = Debug|Any CPU
		Release|Any CPU = Release|Any CPU
	EndGlobalSection
	GlobalSection(ProjectConfigurationPlatforms) = postSolution
		{47044A65-350D-4A8F-8501-8B2BE59E4129}.Debug|Any CPU.ActiveCfg = Debug|Any CPU
		{47044A65-350D-4A8F-8501-8B2BE59E4129}.Debug|Any CPU.Build.0 = Debug|Any CPU
		{47044A65-350D-4A8F-8501-8B2BE59E4129}.Release|Any CPU.ActiveCfg = Release|Any CPU
		{47044A65-350D-4A8F-8501-8B2BE59E4129}.Release|Any CPU.Build.0 = Release|Any CPU
		{B91DD64F-F42E-46BD-B3F3-C89EA2225B58}.Debug|Any CPU.ActiveCfg = Debug|Any CPU
		{B91DD64F-F42E-46BD-B3F3-C89EA2225B58}.Debug|Any CPU.Build.0 = Debug|Any CPU
		{B91DD64F-F42E-46BD-B3F3-C89EA2225B58}.Release|Any CPU.ActiveCfg = Release|Any CPU
		{B91DD64F-F42E-46BD-B3F3-C89EA2225B58}.Release|Any CPU.Build.0 = Release|Any CPU
		{F3344536-5311-45F2-BA1D-14F881A41E25}.Debug|Any CPU.ActiveCfg = Debug|Any CPU
		{F3344536-5311-45F2-BA1D-14F881A41E25}.Debug|Any CPU.Build.0 = Debug|Any CPU
		{F3344536-5311-45F2-BA1D-14F881A41E25}.Release|Any CPU.ActiveCfg = Release|Any CPU
		{F3344536-5311-45F2-BA1D-14F881A41E25}.Release|Any CPU.Build.0 = Release|Any CPU
	EndGlobalSection
	GlobalSection(SolutionProperties) = preSolution
		HideSolutionNode = FALSE
	EndGlobalSection
	GlobalSection(ExtensibilityGlobals) = postSolution
		SolutionGuid = {B56300BE-FAB1-4B59-AA4B-9B2323C713BB}
	EndGlobalSection
EndGlobal
